
Microsoft Visual Studio Solution File, Format Version 12.00
# Visual Studio 14
VisualStudioVersion = 14.0.25420.1
MinimumVisualStudioVersion = 10.0.40219.1
Project("{FAE04EC0-301F-11D3-BF4B-00C04F79EFBC}") = "Ending Balance", "Ending Balance\Ending Balance.csproj", "{B86FA1D4-4814-43B1-A3F4-C144DA717CDD}"
EndProject
Global
	GlobalSection(SolutionConfigurationPlatforms) = preSolution
		Debug|Any CPU = Debug|Any CPU
		Release|Any CPU = Release|Any CPU
	EndGlobalSection
	GlobalSection(ProjectConfigurationPlatforms) = postSolution
		{B86FA1D4-4814-43B1-A3F4-C144DA717CDD}.Debug|Any CPU.ActiveCfg = Debug|Any CPU
		{B86FA1D4-4814-43B1-A3F4-C144DA717CDD}.Debug|Any CPU.Build.0 = Debug|Any CPU
		{B86FA1D4-4814-43B1-A3F4-C144DA717CDD}.Release|Any CPU.ActiveCfg = Release|Any CPU
		{B86FA1D4-4814-43B1-A3F4-C144DA717CDD}.Release|Any CPU.Build.0 = Release|Any CPU
	EndGlobalSection
	GlobalSection(SolutionProperties) = preSolution
		HideSolutionNode = FALSE
	EndGlobalSection
EndGlobal
